
Microsoft Visual Studio Solution File, Format Version 12.00
# Visual Studio Version 16
VisualStudioVersion = 16.0.30523.141
MinimumVisualStudioVersion = 10.0.40219.1
Project("{FAE04EC0-301F-11D3-BF4B-00C04F79EFBC}") = "ExerciceForeachList", "ExerciceForeachList\ExerciceForeachList.csproj", "{1CBF921C-156E-4148-A3CC-FBB77E61BC83}"
EndProject
Project("{FAE04EC0-301F-11D3-BF4B-00C04F79EFBC}") = "ListModificationChallenge", "ListModificationChallenge\ListModificationChallenge.csproj", "{9998FD61-8CDD-43BF-8D87-BE1CFA10B408}"
EndProject
Global
	GlobalSection(SolutionConfigurationPlatforms) = preSolution
		Debug|Any CPU = Debug|Any CPU
		Release|Any CPU = Release|Any CPU
	EndGlobalSection
	GlobalSection(ProjectConfigurationPlatforms) = postSolution
		{1CBF921C-156E-4148-A3CC-FBB77E61BC83}.Debug|Any CPU.ActiveCfg = Debug|Any CPU
		{1CBF921C-156E-4148-A3CC-FBB77E61BC83}.Debug|Any CPU.Build.0 = Debug|Any CPU
		{1CBF921C-156E-4148-A3CC-FBB77E61BC83}.Release|Any CPU.ActiveCfg = Release|Any CPU
		{1CBF921C-156E-4148-A3CC-FBB77E61BC83}.Release|Any CPU.Build.0 = Release|Any CPU
		{9998FD61-8CDD-43BF-8D87-BE1CFA10B408}.Debug|Any CPU.ActiveCfg = Debug|Any CPU
		{9998FD61-8CDD-43BF-8D87-BE1CFA10B408}.Debug|Any CPU.Build.0 = Debug|Any CPU
		{9998FD61-8CDD-43BF-8D87-BE1CFA10B408}.Release|Any CPU.ActiveCfg = Release|Any CPU
		{9998FD61-8CDD-43BF-8D87-BE1CFA10B408}.Release|Any CPU.Build.0 = Release|Any CPU
	EndGlobalSection
	GlobalSection(SolutionProperties) = preSolution
		HideSolutionNode = FALSE
	EndGlobalSection
	GlobalSection(ExtensibilityGlobals) = postSolution
		SolutionGuid = {EF2842AD-D556-4C3B-89FD-CC12EE1E768A}
	EndGlobalSection
EndGlobal
